# THIS IS AN AUTOGENERATED FILE. DO NOT EDIT THIS FILE DIRECTLY.
# yarn lockfile v1


"@vue/reactivity@^3.0.0-rc.5":
  version "3.0.0-rc.5"
  resolved "https://registry.yarnpkg.com/@vue/reactivity/-/reactivity-3.0.0-rc.5.tgz#45cff8d839d7ad130b1e499239090050fdecff13"
  integrity sha512-oe9C+1jtWUdYL/iNc0OPWbwgOk2rOW2uQ+exx3I6Jo6PKOmnAiPkMElalf9vRnO53rnUphVecMp8BlTJvcNgDw==
  dependencies:
    "@vue/shared" "3.0.0-rc.5"

"@vue/shared@3.0.0-rc.5":
  version "3.0.0-rc.5"
  resolved "https://registry.yarnpkg.com/@vue/shared/-/shared-3.0.0-rc.5.tgz#cea2378e3e37363ddc1f5dd158edc9c9b5b3fff0"
  integrity sha512-ZhcgGzBpp+pUzisZgQpM4ctIGgLpYjBj7/rZfbhEPxFHF/BuTV2jmhXvAl8aF9xDAejIcw85xCy92gDSwKtPag==
